{
  "nodes": {
    "nixos-hardware": {
      "locked": {
        "lastModified": 1654057797,
        "narHash": "sha256-mXo7C4v7Jj2feBzcReu1Eu/3Rnw5b023E9kOyFsHZQw=",
        "owner": "NixOS",
        "repo": "nixos-hardware",
        "rev": "0cab18a48de7914ef8cad35dca0bb36868f3e1af",
        "type": "github"
      },
      "original": {
        "owner": "NixOS",
        "ref": "master",
        "repo": "nixos-hardware",
        "type": "github"
      }
    },
    "nixpkgs": {
      "locked": {
        "lastModified": 1670332253,
        "narHash": "sha256-O5SmhlIUt1s+vK4NXeGYqwcBIMwbBPAEZ3GHE3XT28c=",
        "owner": "NixOs",
        "repo": "nixpkgs",
        "rev": "1c9ffcf70786f0966982ce0fc76ec05df2e1dec2",
        "type": "github"
      },
      "original": {
        "owner": "NixOs",
        "ref": "nixos-unstable",
        "repo": "nixpkgs",
        "type": "github"
      }
    },
    "nixpkgs-dev-null": {
      "locked": {
        "lastModified": 1670141133,
        "narHash": "sha256-4v0AozVoOi08HJGBpwGTKfyZPO7H5aslRA6Kl+uU+B8=",
        "owner": "dev-null-undefined",
        "repo": "nixpkgs",
        "rev": "bb32b11951ab0e1770ad322c070e55b48a05487e",
        "type": "github"
      },
      "original": {
        "owner": "dev-null-undefined",
        "ref": "main",
        "repo": "nixpkgs",
        "type": "github"
      }
    },
    "nixpkgs-master": {
      "locked": {
        "lastModified": 1670566912,
        "narHash": "sha256-xOmQ1V8DvmgnlCqx/gQGrRctVnujTWBp4N9A+wr4+50=",
        "owner": "NixOS",
        "repo": "nixpkgs",
        "rev": "9e4a15be2c56ef710392d3464ce68b298fcafe84",
        "type": "github"
      },
      "original": {
        "owner": "NixOS",
        "ref": "master",
        "repo": "nixpkgs",
        "type": "github"
      }
    },
    "nixpkgs-stable": {
      "locked": {
        "lastModified": 1670538458,
        "narHash": "sha256-mvKmBkdlhzsMBtnzYXjYn08EGw9rFBEE9hp4Uqgol1Q=",
        "owner": "NixOS",
        "repo": "nixpkgs",
        "rev": "99ec06122f481588abafd91f2710d80a5320efe6",
        "type": "github"
      },
      "original": {
        "owner": "NixOS",
        "ref": "nixos-22.05",
        "repo": "nixpkgs",
        "type": "github"
      }
    },
    "root": {
      "inputs": {
        "nixos-hardware": "nixos-hardware",
        "nixpkgs": "nixpkgs",
        "nixpkgs-dev-null": "nixpkgs-dev-null",
        "nixpkgs-master": "nixpkgs-master",
        "nixpkgs-stable": "nixpkgs-stable"
      }
    }
  },
  "root": "root",
  "version": 7
}
